
Microsoft Visual Studio Solution File, Format Version 12.00
# Visual Studio Version 16
VisualStudioVersion = 16.0.31702.278
MinimumVisualStudioVersion = 10.0.40219.1
Project("{FAE04EC0-301F-11D3-BF4B-00C04F79EFBC}") = "Crud_With_C", "Crud_With_C\Crud_With_C.csproj", "{FDD003A5-C6EC-4D5B-BE7F-1E6CB7D3F7CF}"
EndProject
Project("{FAE04EC0-301F-11D3-BF4B-00C04F79EFBC}") = "Inventory_API", "Inventory_API\Inventory_API.csproj", "{AD848205-173E-481A-A97A-EEBEBFB8E05F}"
EndProject
Global
	GlobalSection(SolutionConfigurationPlatforms) = preSolution
		Debug|Any CPU = Debug|Any CPU
		Release|Any CPU = Release|Any CPU
	EndGlobalSection
	GlobalSection(ProjectConfigurationPlatforms) = postSolution
		{FDD003A5-C6EC-4D5B-BE7F-1E6CB7D3F7CF}.Debug|Any CPU.ActiveCfg = Debug|Any CPU
		{FDD003A5-C6EC-4D5B-BE7F-1E6CB7D3F7CF}.Debug|Any CPU.Build.0 = Debug|Any CPU
		{FDD003A5-C6EC-4D5B-BE7F-1E6CB7D3F7CF}.Release|Any CPU.ActiveCfg = Release|Any CPU
		{FDD003A5-C6EC-4D5B-BE7F-1E6CB7D3F7CF}.Release|Any CPU.Build.0 = Release|Any CPU
		{AD848205-173E-481A-A97A-EEBEBFB8E05F}.Debug|Any CPU.ActiveCfg = Debug|Any CPU
		{AD848205-173E-481A-A97A-EEBEBFB8E05F}.Debug|Any CPU.Build.0 = Debug|Any CPU
		{AD848205-173E-481A-A97A-EEBEBFB8E05F}.Release|Any CPU.ActiveCfg = Release|Any CPU
		{AD848205-173E-481A-A97A-EEBEBFB8E05F}.Release|Any CPU.Build.0 = Release|Any CPU
	EndGlobalSection
	GlobalSection(SolutionProperties) = preSolution
		HideSolutionNode = FALSE
	EndGlobalSection
	GlobalSection(ExtensibilityGlobals) = postSolution
		SolutionGuid = {8B2E552F-48CB-4679-84F0-E521A061BD72}
	EndGlobalSection
EndGlobal
